
Microsoft Visual Studio Solution File, Format Version 12.00
# Visual Studio Version 16
VisualStudioVersion = 16.0.31624.102
MinimumVisualStudioVersion = 10.0.40219.1
Project("{FAE04EC0-301F-11D3-BF4B-00C04F79EFBC}") = "Proje2", "Proje2\Proje2.csproj", "{E0C31999-3BC2-413C-BDB1-6A89B092F4BF}"
EndProject
Global
	GlobalSection(SolutionConfigurationPlatforms) = preSolution
		Debug|Any CPU = Debug|Any CPU
		Release|Any CPU = Release|Any CPU
	EndGlobalSection
	GlobalSection(ProjectConfigurationPlatforms) = postSolution
		{E0C31999-3BC2-413C-BDB1-6A89B092F4BF}.Debug|Any CPU.ActiveCfg = Debug|Any CPU
		{E0C31999-3BC2-413C-BDB1-6A89B092F4BF}.Debug|Any CPU.Build.0 = Debug|Any CPU
		{E0C31999-3BC2-413C-BDB1-6A89B092F4BF}.Release|Any CPU.ActiveCfg = Release|Any CPU
		{E0C31999-3BC2-413C-BDB1-6A89B092F4BF}.Release|Any CPU.Build.0 = Release|Any CPU
	EndGlobalSection
	GlobalSection(SolutionProperties) = preSolution
		HideSolutionNode = FALSE
	EndGlobalSection
	GlobalSection(ExtensibilityGlobals) = postSolution
		SolutionGuid = {066E4F69-ED98-4DEA-AA47-E3C223727DF3}
	EndGlobalSection
EndGlobal
