
Microsoft Visual Studio Solution File, Format Version 12.00
# Visual Studio Version 16
VisualStudioVersion = 16.0.31624.102
MinimumVisualStudioVersion = 10.0.40219.1
Project("{FAE04EC0-301F-11D3-BF4B-00C04F79EFBC}") = "method2", "method2\method2.csproj", "{578C62D6-FE31-4767-8687-6A2FB79E2F0D}"
EndProject
Global
	GlobalSection(SolutionConfigurationPlatforms) = preSolution
		Debug|Any CPU = Debug|Any CPU
		Release|Any CPU = Release|Any CPU
	EndGlobalSection
	GlobalSection(ProjectConfigurationPlatforms) = postSolution
		{578C62D6-FE31-4767-8687-6A2FB79E2F0D}.Debug|Any CPU.ActiveCfg = Debug|Any CPU
		{578C62D6-FE31-4767-8687-6A2FB79E2F0D}.Debug|Any CPU.Build.0 = Debug|Any CPU
		{578C62D6-FE31-4767-8687-6A2FB79E2F0D}.Release|Any CPU.ActiveCfg = Release|Any CPU
		{578C62D6-FE31-4767-8687-6A2FB79E2F0D}.Release|Any CPU.Build.0 = Release|Any CPU
	EndGlobalSection
	GlobalSection(SolutionProperties) = preSolution
		HideSolutionNode = FALSE
	EndGlobalSection
	GlobalSection(ExtensibilityGlobals) = postSolution
		SolutionGuid = {C4C1DEB6-F10A-40FE-AF00-01880A8E120E}
	EndGlobalSection
EndGlobal
