
Microsoft Visual Studio Solution File, Format Version 12.00
# Visual Studio Version 16
VisualStudioVersion = 16.0.31624.102
MinimumVisualStudioVersion = 10.0.40219.1
Project("{FAE04EC0-301F-11D3-BF4B-00C04F79EFBC}") = "for_loop", "for_loop\for_loop.csproj", "{C9CD1D53-7B58-49C9-A98C-EB8947800921}"
EndProject
Global
	GlobalSection(SolutionConfigurationPlatforms) = preSolution
		Debug|Any CPU = Debug|Any CPU
		Release|Any CPU = Release|Any CPU
	EndGlobalSection
	GlobalSection(ProjectConfigurationPlatforms) = postSolution
		{C9CD1D53-7B58-49C9-A98C-EB8947800921}.Debug|Any CPU.ActiveCfg = Debug|Any CPU
		{C9CD1D53-7B58-49C9-A98C-EB8947800921}.Debug|Any CPU.Build.0 = Debug|Any CPU
		{C9CD1D53-7B58-49C9-A98C-EB8947800921}.Release|Any CPU.ActiveCfg = Release|Any CPU
		{C9CD1D53-7B58-49C9-A98C-EB8947800921}.Release|Any CPU.Build.0 = Release|Any CPU
	EndGlobalSection
	GlobalSection(SolutionProperties) = preSolution
		HideSolutionNode = FALSE
	EndGlobalSection
	GlobalSection(ExtensibilityGlobals) = postSolution
		SolutionGuid = {E9030C1E-9CDB-4BBA-858C-9AD59D4339B0}
	EndGlobalSection
EndGlobal
