
Microsoft Visual Studio Solution File, Format Version 12.00
# Visual Studio Version 16
VisualStudioVersion = 16.0.31624.102
MinimumVisualStudioVersion = 10.0.40219.1
Project("{FAE04EC0-301F-11D3-BF4B-00C04F79EFBC}") = "proje1TelefonRehberi", "proje1TelefonRehberi\proje1TelefonRehberi.csproj", "{61335FF2-9323-4422-BC1B-2725BC1277D8}"
EndProject
Global
	GlobalSection(SolutionConfigurationPlatforms) = preSolution
		Debug|Any CPU = Debug|Any CPU
		Release|Any CPU = Release|Any CPU
	EndGlobalSection
	GlobalSection(ProjectConfigurationPlatforms) = postSolution
		{61335FF2-9323-4422-BC1B-2725BC1277D8}.Debug|Any CPU.ActiveCfg = Debug|Any CPU
		{61335FF2-9323-4422-BC1B-2725BC1277D8}.Debug|Any CPU.Build.0 = Debug|Any CPU
		{61335FF2-9323-4422-BC1B-2725BC1277D8}.Release|Any CPU.ActiveCfg = Release|Any CPU
		{61335FF2-9323-4422-BC1B-2725BC1277D8}.Release|Any CPU.Build.0 = Release|Any CPU
	EndGlobalSection
	GlobalSection(SolutionProperties) = preSolution
		HideSolutionNode = FALSE
	EndGlobalSection
	GlobalSection(ExtensibilityGlobals) = postSolution
		SolutionGuid = {C1D3D4FC-AE70-4E20-AA98-60B54F7B94E2}
	EndGlobalSection
EndGlobal
