
Microsoft Visual Studio Solution File, Format Version 12.00
# Visual Studio Version 16
VisualStudioVersion = 16.0.31624.102
MinimumVisualStudioVersion = 10.0.40219.1
Project("{FAE04EC0-301F-11D3-BF4B-00C04F79EFBC}") = "array2", "array2\array2.csproj", "{E7EA47B1-51C2-4EBE-A9CA-47649B5BFCBA}"
EndProject
Global
	GlobalSection(SolutionConfigurationPlatforms) = preSolution
		Debug|Any CPU = Debug|Any CPU
		Release|Any CPU = Release|Any CPU
	EndGlobalSection
	GlobalSection(ProjectConfigurationPlatforms) = postSolution
		{E7EA47B1-51C2-4EBE-A9CA-47649B5BFCBA}.Debug|Any CPU.ActiveCfg = Debug|Any CPU
		{E7EA47B1-51C2-4EBE-A9CA-47649B5BFCBA}.Debug|Any CPU.Build.0 = Debug|Any CPU
		{E7EA47B1-51C2-4EBE-A9CA-47649B5BFCBA}.Release|Any CPU.ActiveCfg = Release|Any CPU
		{E7EA47B1-51C2-4EBE-A9CA-47649B5BFCBA}.Release|Any CPU.Build.0 = Release|Any CPU
	EndGlobalSection
	GlobalSection(SolutionProperties) = preSolution
		HideSolutionNode = FALSE
	EndGlobalSection
	GlobalSection(ExtensibilityGlobals) = postSolution
		SolutionGuid = {7A4F4366-ECD4-4493-A151-6190398478E0}
	EndGlobalSection
EndGlobal
