
Microsoft Visual Studio Solution File, Format Version 12.00
# Visual Studio Version 16
VisualStudioVersion = 16.0.31624.102
MinimumVisualStudioVersion = 10.0.40219.1
Project("{FAE04EC0-301F-11D3-BF4B-00C04F79EFBC}") = "string_methods", "string_methods\string_methods.csproj", "{46C55D63-8E4B-494C-8D8D-FB019F352894}"
EndProject
Global
	GlobalSection(SolutionConfigurationPlatforms) = preSolution
		Debug|Any CPU = Debug|Any CPU
		Release|Any CPU = Release|Any CPU
	EndGlobalSection
	GlobalSection(ProjectConfigurationPlatforms) = postSolution
		{46C55D63-8E4B-494C-8D8D-FB019F352894}.Debug|Any CPU.ActiveCfg = Debug|Any CPU
		{46C55D63-8E4B-494C-8D8D-FB019F352894}.Debug|Any CPU.Build.0 = Debug|Any CPU
		{46C55D63-8E4B-494C-8D8D-FB019F352894}.Release|Any CPU.ActiveCfg = Release|Any CPU
		{46C55D63-8E4B-494C-8D8D-FB019F352894}.Release|Any CPU.Build.0 = Release|Any CPU
	EndGlobalSection
	GlobalSection(SolutionProperties) = preSolution
		HideSolutionNode = FALSE
	EndGlobalSection
	GlobalSection(ExtensibilityGlobals) = postSolution
		SolutionGuid = {250CEB38-DCA5-40B6-B74A-E714A97DC288}
	EndGlobalSection
EndGlobal
