
Microsoft Visual Studio Solution File, Format Version 12.00
# Visual Studio Version 16
VisualStudioVersion = 16.0.31624.102
MinimumVisualStudioVersion = 10.0.40219.1
Project("{FAE04EC0-301F-11D3-BF4B-00C04F79EFBC}") = "Koleksiyonlar-Soru-2", "Koleksiyonlar-Soru-2\Koleksiyonlar-Soru-2.csproj", "{CC35694A-8F98-4733-AAB8-06322C7C9E76}"
EndProject
Global
	GlobalSection(SolutionConfigurationPlatforms) = preSolution
		Debug|Any CPU = Debug|Any CPU
		Release|Any CPU = Release|Any CPU
	EndGlobalSection
	GlobalSection(ProjectConfigurationPlatforms) = postSolution
		{CC35694A-8F98-4733-AAB8-06322C7C9E76}.Debug|Any CPU.ActiveCfg = Debug|Any CPU
		{CC35694A-8F98-4733-AAB8-06322C7C9E76}.Debug|Any CPU.Build.0 = Debug|Any CPU
		{CC35694A-8F98-4733-AAB8-06322C7C9E76}.Release|Any CPU.ActiveCfg = Release|Any CPU
		{CC35694A-8F98-4733-AAB8-06322C7C9E76}.Release|Any CPU.Build.0 = Release|Any CPU
	EndGlobalSection
	GlobalSection(SolutionProperties) = preSolution
		HideSolutionNode = FALSE
	EndGlobalSection
	GlobalSection(ExtensibilityGlobals) = postSolution
		SolutionGuid = {8F8B388B-A05E-4408-A3AF-7763E137C83A}
	EndGlobalSection
EndGlobal
