
Microsoft Visual Studio Solution File, Format Version 12.00
# Visual Studio Version 16
VisualStudioVersion = 16.0.31624.102
MinimumVisualStudioVersion = 10.0.40219.1
Project("{FAE04EC0-301F-11D3-BF4B-00C04F79EFBC}") = "if_else", "if_else\if_else.csproj", "{B119D562-585D-4A01-84B4-104FFB0B40CC}"
EndProject
Global
	GlobalSection(SolutionConfigurationPlatforms) = preSolution
		Debug|Any CPU = Debug|Any CPU
		Release|Any CPU = Release|Any CPU
	EndGlobalSection
	GlobalSection(ProjectConfigurationPlatforms) = postSolution
		{B119D562-585D-4A01-84B4-104FFB0B40CC}.Debug|Any CPU.ActiveCfg = Debug|Any CPU
		{B119D562-585D-4A01-84B4-104FFB0B40CC}.Debug|Any CPU.Build.0 = Debug|Any CPU
		{B119D562-585D-4A01-84B4-104FFB0B40CC}.Release|Any CPU.ActiveCfg = Release|Any CPU
		{B119D562-585D-4A01-84B4-104FFB0B40CC}.Release|Any CPU.Build.0 = Release|Any CPU
	EndGlobalSection
	GlobalSection(SolutionProperties) = preSolution
		HideSolutionNode = FALSE
	EndGlobalSection
	GlobalSection(ExtensibilityGlobals) = postSolution
		SolutionGuid = {BF5B2FE9-39EE-4655-92F2-4ABA7A395F5F}
	EndGlobalSection
EndGlobal
