
Microsoft Visual Studio Solution File, Format Version 12.00
# Visual Studio Version 16
VisualStudioVersion = 16.0.31624.102
MinimumVisualStudioVersion = 10.0.40219.1
Project("{FAE04EC0-301F-11D3-BF4B-00C04F79EFBC}") = "while_foreach", "while_foreach\while_foreach.csproj", "{3913D4B9-227A-443E-9767-B8D17650296B}"
EndProject
Global
	GlobalSection(SolutionConfigurationPlatforms) = preSolution
		Debug|Any CPU = Debug|Any CPU
		Release|Any CPU = Release|Any CPU
	EndGlobalSection
	GlobalSection(ProjectConfigurationPlatforms) = postSolution
		{3913D4B9-227A-443E-9767-B8D17650296B}.Debug|Any CPU.ActiveCfg = Debug|Any CPU
		{3913D4B9-227A-443E-9767-B8D17650296B}.Debug|Any CPU.Build.0 = Debug|Any CPU
		{3913D4B9-227A-443E-9767-B8D17650296B}.Release|Any CPU.ActiveCfg = Release|Any CPU
		{3913D4B9-227A-443E-9767-B8D17650296B}.Release|Any CPU.Build.0 = Release|Any CPU
	EndGlobalSection
	GlobalSection(SolutionProperties) = preSolution
		HideSolutionNode = FALSE
	EndGlobalSection
	GlobalSection(ExtensibilityGlobals) = postSolution
		SolutionGuid = {04815BC9-5B82-4973-8B63-A5A7A0CF9CF0}
	EndGlobalSection
EndGlobal
