
Microsoft Visual Studio Solution File, Format Version 12.00
# Visual Studio Version 16
VisualStudioVersion = 16.0.31624.102
MinimumVisualStudioVersion = 10.0.40219.1
Project("{FAE04EC0-301F-11D3-BF4B-00C04F79EFBC}") = "structYapisi", "structYapisi\structYapisi.csproj", "{7B3BF4DF-5867-4C3A-90FF-09F4C7661041}"
EndProject
Global
	GlobalSection(SolutionConfigurationPlatforms) = preSolution
		Debug|Any CPU = Debug|Any CPU
		Release|Any CPU = Release|Any CPU
	EndGlobalSection
	GlobalSection(ProjectConfigurationPlatforms) = postSolution
		{7B3BF4DF-5867-4C3A-90FF-09F4C7661041}.Debug|Any CPU.ActiveCfg = Debug|Any CPU
		{7B3BF4DF-5867-4C3A-90FF-09F4C7661041}.Debug|Any CPU.Build.0 = Debug|Any CPU
		{7B3BF4DF-5867-4C3A-90FF-09F4C7661041}.Release|Any CPU.ActiveCfg = Release|Any CPU
		{7B3BF4DF-5867-4C3A-90FF-09F4C7661041}.Release|Any CPU.Build.0 = Release|Any CPU
	EndGlobalSection
	GlobalSection(SolutionProperties) = preSolution
		HideSolutionNode = FALSE
	EndGlobalSection
	GlobalSection(ExtensibilityGlobals) = postSolution
		SolutionGuid = {83BA08ED-4CBC-48CD-8BAE-89E2D3D05923}
	EndGlobalSection
EndGlobal
